
Microsoft Visual Studio Solution File, Format Version 12.00
# Visual Studio Version 17
VisualStudioVersion = 17.14.36203.30 d17.14
MinimumVisualStudioVersion = 10.0.40219.1
Project("{F184B08F-C81C-45F6-A57F-5ABD9991F28F}") = "IntroducaoDesk", "IntroducaoDesk\IntroducaoDesk.vbproj", "{32150332-89B4-4765-B2FE-AD175663E735}"
EndProject
Project("{F184B08F-C81C-45F6-A57F-5ABD9991F28F}") = "ProjConsole", "ProjConsole\ProjConsole.vbproj", "{2990C84B-7CE1-411F-97DD-51A64E6553B2}"
EndProject
Global
	GlobalSection(SolutionConfigurationPlatforms) = preSolution
		Debug|Any CPU = Debug|Any CPU
		Release|Any CPU = Release|Any CPU
	EndGlobalSection
	GlobalSection(ProjectConfigurationPlatforms) = postSolution
		{32150332-89B4-4765-B2FE-AD175663E735}.Debug|Any CPU.ActiveCfg = Debug|Any CPU
		{32150332-89B4-4765-B2FE-AD175663E735}.Debug|Any CPU.Build.0 = Debug|Any CPU
		{32150332-89B4-4765-B2FE-AD175663E735}.Release|Any CPU.ActiveCfg = Release|Any CPU
		{32150332-89B4-4765-B2FE-AD175663E735}.Release|Any CPU.Build.0 = Release|Any CPU
		{2990C84B-7CE1-411F-97DD-51A64E6553B2}.Debug|Any CPU.ActiveCfg = Debug|Any CPU
		{2990C84B-7CE1-411F-97DD-51A64E6553B2}.Debug|Any CPU.Build.0 = Debug|Any CPU
		{2990C84B-7CE1-411F-97DD-51A64E6553B2}.Release|Any CPU.ActiveCfg = Release|Any CPU
		{2990C84B-7CE1-411F-97DD-51A64E6553B2}.Release|Any CPU.Build.0 = Release|Any CPU
	EndGlobalSection
	GlobalSection(SolutionProperties) = preSolution
		HideSolutionNode = FALSE
	EndGlobalSection
	GlobalSection(ExtensibilityGlobals) = postSolution
		SolutionGuid = {FC8E4340-95AC-43F8-A182-3B5E414E6604}
	EndGlobalSection
EndGlobal
