
Microsoft Visual Studio Solution File, Format Version 12.00
# Visual Studio Version 17
VisualStudioVersion = 17.14.36203.30 d17.14
MinimumVisualStudioVersion = 10.0.40219.1
Project("{F184B08F-C81C-45F6-A57F-5ABD9991F28F}") = "ProjetoCadastroAccess", "ProjetoCadastroAccess\ProjetoCadastroAccess.vbproj", "{DEFB9074-697F-491C-879E-0315121EFCED}"
EndProject
Global
	GlobalSection(SolutionConfigurationPlatforms) = preSolution
		Debug|Any CPU = Debug|Any CPU
		Release|Any CPU = Release|Any CPU
	EndGlobalSection
	GlobalSection(ProjectConfigurationPlatforms) = postSolution
		{DEFB9074-697F-491C-879E-0315121EFCED}.Debug|Any CPU.ActiveCfg = Debug|Any CPU
		{DEFB9074-697F-491C-879E-0315121EFCED}.Debug|Any CPU.Build.0 = Debug|Any CPU
		{DEFB9074-697F-491C-879E-0315121EFCED}.Release|Any CPU.ActiveCfg = Release|Any CPU
		{DEFB9074-697F-491C-879E-0315121EFCED}.Release|Any CPU.Build.0 = Release|Any CPU
	EndGlobalSection
	GlobalSection(SolutionProperties) = preSolution
		HideSolutionNode = FALSE
	EndGlobalSection
	GlobalSection(ExtensibilityGlobals) = postSolution
		SolutionGuid = {0CE73BD4-EADE-4DB9-AD2D-5C46CFB6003B}
	EndGlobalSection
EndGlobal
